{
	"name": "publication-selector",
	"version": "0.0.7-alpha.1",
	"lockfileVersion": 1,
	"requires": true,
	"dependencies": {
		"typescript": {
			"version": "4.1.3",
			"resolved": "https://flipplib.jfrog.io/flipplib/api/npm/flipp-npm/typescript/-/typescript-4.1.3.tgz",
			"integrity": "sha1-UZ1YK9lMugz4k0x9joRn5HP1O7c="
		}
	}
}
